
Microsoft Visual Studio Solution File, Format Version 12.00
# Visual Studio Version 17
VisualStudioVersion = 17.2.32630.192
MinimumVisualStudioVersion = 10.0.40219.1
Project("{FAE04EC0-301F-11D3-BF4B-00C04F79EFBC}") = "ESP32Haberleşme", "ESP32Haberleşme\ESP32Haberleşme.csproj", "{8D0B7D3A-18CF-4637-9CCE-9BB44E9249BE}"
EndProject
Global
	GlobalSection(SolutionConfigurationPlatforms) = preSolution
		Debug|Any CPU = Debug|Any CPU
		Release|Any CPU = Release|Any CPU
	EndGlobalSection
	GlobalSection(ProjectConfigurationPlatforms) = postSolution
		{8D0B7D3A-18CF-4637-9CCE-9BB44E9249BE}.Debug|Any CPU.ActiveCfg = Debug|Any CPU
		{8D0B7D3A-18CF-4637-9CCE-9BB44E9249BE}.Debug|Any CPU.Build.0 = Debug|Any CPU
		{8D0B7D3A-18CF-4637-9CCE-9BB44E9249BE}.Release|Any CPU.ActiveCfg = Release|Any CPU
		{8D0B7D3A-18CF-4637-9CCE-9BB44E9249BE}.Release|Any CPU.Build.0 = Release|Any CPU
	EndGlobalSection
	GlobalSection(SolutionProperties) = preSolution
		HideSolutionNode = FALSE
	EndGlobalSection
	GlobalSection(ExtensibilityGlobals) = postSolution
		SolutionGuid = {4B0F1E6A-BA6F-4050-A746-AFAE076843F8}
	EndGlobalSection
EndGlobal
